{
  "nodes": {
    "nixpkgs": {
      "locked": {
        "lastModified": 1691472822,
        "narHash": "sha256-XVfYZ2oB3lNPVq6sHCY9WkdQ8lHoIDzzbpg8bB6oBxA=",
        "owner": "NixOS",
        "repo": "nixpkgs",
        "rev": "41c7605718399dcfa53dd7083793b6ae3bc969ff",
        "type": "github"
      },
      "original": {
        "id": "nixpkgs",
        "ref": "nixos-unstable",
        "type": "indirect"
      }
    },
    "root": {
      "inputs": {
        "nixpkgs": "nixpkgs"
      }
    }
  },
  "root": "root",
  "version": 7
}
